
Microsoft Visual Studio Solution File, Format Version 12.00
# Visual Studio Version 16
VisualStudioVersion = 16.0.33927.289
MinimumVisualStudioVersion = 10.0.40219.1
Project("{2150E333-8FDC-42A3-9474-1A3956D46DE8}") = "Task0", "Task0", "{A9266940-EAA5-4B25-B41C-95E8D657799F}"
EndProject
Project("{FAE04EC0-301F-11D3-BF4B-00C04F79EFBC}") = "Tyuiu.BrukhovAA.Sprint3.Task0.V22", "Tyuiu.BrukhovAA.Sprint3.Task0.V22\Tyuiu.BrukhovAA.Sprint3.Task0.V22.csproj", "{4D271905-7D05-4EC4-BEB0-12A2EEB7CD14}"
EndProject
Project("{FAE04EC0-301F-11D3-BF4B-00C04F79EFBC}") = "Tyuiu.BrukhovAA.Sprint3.Task0.V22.Lib", "Tyuiu.BrukhovAA.Sprint3.Task0.V22.Lib\Tyuiu.BrukhovAA.Sprint3.Task0.V22.Lib.csproj", "{C3C11036-844F-4C19-9BD3-918215A39BAE}"
EndProject
Project("{FAE04EC0-301F-11D3-BF4B-00C04F79EFBC}") = "Tyuiu.BrukhovAA.Sprint3.Task0.V22.Test", "Tyuiu.BrukhovAA.Sprint3.Task0.V22.Test\Tyuiu.BrukhovAA.Sprint3.Task0.V22.Test.csproj", "{C0942316-1910-4594-8068-D5243EF2BAEB}"
EndProject
Project("{2150E333-8FDC-42A3-9474-1A3956D46DE8}") = "Task1", "Task1", "{8D550CB4-E746-4386-A491-CBDFD42082C8}"
EndProject
Project("{FAE04EC0-301F-11D3-BF4B-00C04F79EFBC}") = "Tyuiu.BrukhovAA.Sprint3.Task1.V15", "Tyuiu.BrukhovAA.Sprint3.Task1.V15\Tyuiu.BrukhovAA.Sprint3.Task1.V15.csproj", "{8751DE3C-01DD-40A3-913C-7A5A0CC05E56}"
EndProject
Project("{FAE04EC0-301F-11D3-BF4B-00C04F79EFBC}") = "Tyuiu.BrukhovAA.Sprint3.Task1.V15.Lib", "Tyuiu.BrukhovAA.Sprint3.Task1.V15.Lib\Tyuiu.BrukhovAA.Sprint3.Task1.V15.Lib.csproj", "{65898149-6829-4CE8-8CE1-F6D6644284DA}"
EndProject
Project("{FAE04EC0-301F-11D3-BF4B-00C04F79EFBC}") = "Tyuiu.BrukhovAA.Sprint3.Task1.V15.Test", "Tyuiu.BrukhovAA.Sprint3.Task1.V15.Test\Tyuiu.BrukhovAA.Sprint3.Task1.V15.Test.csproj", "{52D46E45-D1B6-4D4F-B848-99ED9C5200E3}"
EndProject
Project("{2150E333-8FDC-42A3-9474-1A3956D46DE8}") = "Task2", "Task2", "{CA0C6685-A74C-4FB0-8E42-7E23F5771C83}"
EndProject
Project("{FAE04EC0-301F-11D3-BF4B-00C04F79EFBC}") = "Tyuiu.BrukhovAA.Sprint3.Task2.V1", "Tyuiu.BrukhovAA.Sprint3.Task2.V1\Tyuiu.BrukhovAA.Sprint3.Task2.V1.csproj", "{73E6FF77-9EE1-4D02-9084-DB9B271E6B91}"
EndProject
Project("{FAE04EC0-301F-11D3-BF4B-00C04F79EFBC}") = "Tyuiu.BrukhovAA.Sprint3.Task2.V1.Lib", "Tyuiu.BrukhovAA.Sprint3.Task2.V1.Lib\Tyuiu.BrukhovAA.Sprint3.Task2.V1.Lib.csproj", "{94DDE0F8-5C35-49B1-9C86-CCB88044E7F2}"
EndProject
Project("{FAE04EC0-301F-11D3-BF4B-00C04F79EFBC}") = "Tyuiu.BrukhovAA.Sprint3.Task2.V1.Test", "Tyuiu.BrukhovAA.Sprint3.Task2.V1.Test\Tyuiu.BrukhovAA.Sprint3.Task2.V1.Test.csproj", "{BF7E25C4-3791-4F91-A762-6254094CF6B3}"
EndProject
Project("{2150E333-8FDC-42A3-9474-1A3956D46DE8}") = "Task3", "Task3", "{ACE429EE-6C07-4B18-9036-2E60438EDB4F}"
EndProject
Project("{FAE04EC0-301F-11D3-BF4B-00C04F79EFBC}") = "Tyuiu.BrukhovAA.Sprint3.Task3.V8", "Tyuiu.BrukhovAA.Sprint3.Task3.V8\Tyuiu.BrukhovAA.Sprint3.Task3.V8.csproj", "{E41674F4-72F8-4A9D-ACDB-F8AE3CB2019F}"
EndProject
Project("{FAE04EC0-301F-11D3-BF4B-00C04F79EFBC}") = "Tyuiu.BrukhovAA.Sprint3.Task3.V8.Lib", "Tyuiu.BrukhovAA.Sprint3.Task3.V8.Lib\Tyuiu.BrukhovAA.Sprint3.Task3.V8.Lib.csproj", "{FC2E30B1-8482-4CAB-98E3-9E5B9F511C15}"
EndProject
Project("{FAE04EC0-301F-11D3-BF4B-00C04F79EFBC}") = "Tyuiu.BrukhovAA.Sprint3.Task3.V8.Test", "Tyuiu.BrukhovAA.Sprint3.Task3.V8.Test\Tyuiu.BrukhovAA.Sprint3.Task3.V8.Test.csproj", "{2FF77952-C3BB-4D28-812B-C4CDC958C587}"
EndProject
Project("{2150E333-8FDC-42A3-9474-1A3956D46DE8}") = "Task4", "Task4", "{28DA2BC7-C2A5-4B97-86DD-E0A4E15CC80B}"
EndProject
Project("{FAE04EC0-301F-11D3-BF4B-00C04F79EFBC}") = "Tyuiu.BrukhovAA.Sprint3.Task4.V12", "Tyuiu.BrukhovAA.Sprint3.Task4.V12\Tyuiu.BrukhovAA.Sprint3.Task4.V12.csproj", "{5702FA3F-BE5D-4BB8-8C52-212F3EB50CC9}"
EndProject
Project("{FAE04EC0-301F-11D3-BF4B-00C04F79EFBC}") = "Tyuiu.BrukhovAA.Sprint3.Task4.V12.Lib", "Tyuiu.BrukhovAA.Sprint3.Task4.V12.Lib\Tyuiu.BrukhovAA.Sprint3.Task4.V12.Lib.csproj", "{1BE5A0BF-363B-4052-9D45-1B84B02C8EE0}"
EndProject
Project("{FAE04EC0-301F-11D3-BF4B-00C04F79EFBC}") = "Tyuiu.BrukhovAA.Sprint3.Task4.V12.Test", "Tyuiu.BrukhovAA.Sprint3.Task4.V12.Test\Tyuiu.BrukhovAA.Sprint3.Task4.V12.Test.csproj", "{5215AB16-5F09-4498-B431-207D0BA31A19}"
EndProject
Global
	GlobalSection(SolutionConfigurationPlatforms) = preSolution
		Debug|Any CPU = Debug|Any CPU
		Release|Any CPU = Release|Any CPU
	EndGlobalSection
	GlobalSection(ProjectConfigurationPlatforms) = postSolution
		{4D271905-7D05-4EC4-BEB0-12A2EEB7CD14}.Debug|Any CPU.ActiveCfg = Debug|Any CPU
		{4D271905-7D05-4EC4-BEB0-12A2EEB7CD14}.Debug|Any CPU.Build.0 = Debug|Any CPU
		{4D271905-7D05-4EC4-BEB0-12A2EEB7CD14}.Release|Any CPU.ActiveCfg = Release|Any CPU
		{4D271905-7D05-4EC4-BEB0-12A2EEB7CD14}.Release|Any CPU.Build.0 = Release|Any CPU
		{C3C11036-844F-4C19-9BD3-918215A39BAE}.Debug|Any CPU.ActiveCfg = Debug|Any CPU
		{C3C11036-844F-4C19-9BD3-918215A39BAE}.Debug|Any CPU.Build.0 = Debug|Any CPU
		{C3C11036-844F-4C19-9BD3-918215A39BAE}.Release|Any CPU.ActiveCfg = Release|Any CPU
		{C3C11036-844F-4C19-9BD3-918215A39BAE}.Release|Any CPU.Build.0 = Release|Any CPU
		{C0942316-1910-4594-8068-D5243EF2BAEB}.Debug|Any CPU.ActiveCfg = Debug|Any CPU
		{C0942316-1910-4594-8068-D5243EF2BAEB}.Debug|Any CPU.Build.0 = Debug|Any CPU
		{C0942316-1910-4594-8068-D5243EF2BAEB}.Release|Any CPU.ActiveCfg = Release|Any CPU
		{C0942316-1910-4594-8068-D5243EF2BAEB}.Release|Any CPU.Build.0 = Release|Any CPU
		{8751DE3C-01DD-40A3-913C-7A5A0CC05E56}.Debug|Any CPU.ActiveCfg = Debug|Any CPU
		{8751DE3C-01DD-40A3-913C-7A5A0CC05E56}.Debug|Any CPU.Build.0 = Debug|Any CPU
		{8751DE3C-01DD-40A3-913C-7A5A0CC05E56}.Release|Any CPU.ActiveCfg = Release|Any CPU
		{8751DE3C-01DD-40A3-913C-7A5A0CC05E56}.Release|Any CPU.Build.0 = Release|Any CPU
		{65898149-6829-4CE8-8CE1-F6D6644284DA}.Debug|Any CPU.ActiveCfg = Debug|Any CPU
		{65898149-6829-4CE8-8CE1-F6D6644284DA}.Debug|Any CPU.Build.0 = Debug|Any CPU
		{65898149-6829-4CE8-8CE1-F6D6644284DA}.Release|Any CPU.ActiveCfg = Release|Any CPU
		{65898149-6829-4CE8-8CE1-F6D6644284DA}.Release|Any CPU.Build.0 = Release|Any CPU
		{52D46E45-D1B6-4D4F-B848-99ED9C5200E3}.Debug|Any CPU.ActiveCfg = Debug|Any CPU
		{52D46E45-D1B6-4D4F-B848-99ED9C5200E3}.Debug|Any CPU.Build.0 = Debug|Any CPU
		{52D46E45-D1B6-4D4F-B848-99ED9C5200E3}.Release|Any CPU.ActiveCfg = Release|Any CPU
		{52D46E45-D1B6-4D4F-B848-99ED9C5200E3}.Release|Any CPU.Build.0 = Release|Any CPU
		{73E6FF77-9EE1-4D02-9084-DB9B271E6B91}.Debug|Any CPU.ActiveCfg = Debug|Any CPU
		{73E6FF77-9EE1-4D02-9084-DB9B271E6B91}.Debug|Any CPU.Build.0 = Debug|Any CPU
		{73E6FF77-9EE1-4D02-9084-DB9B271E6B91}.Release|Any CPU.ActiveCfg = Release|Any CPU
		{73E6FF77-9EE1-4D02-9084-DB9B271E6B91}.Release|Any CPU.Build.0 = Release|Any CPU
		{94DDE0F8-5C35-49B1-9C86-CCB88044E7F2}.Debug|Any CPU.ActiveCfg = Debug|Any CPU
		{94DDE0F8-5C35-49B1-9C86-CCB88044E7F2}.Debug|Any CPU.Build.0 = Debug|Any CPU
		{94DDE0F8-5C35-49B1-9C86-CCB88044E7F2}.Release|Any CPU.ActiveCfg = Release|Any CPU
		{94DDE0F8-5C35-49B1-9C86-CCB88044E7F2}.Release|Any CPU.Build.0 = Release|Any CPU
		{BF7E25C4-3791-4F91-A762-6254094CF6B3}.Debug|Any CPU.ActiveCfg = Debug|Any CPU
		{BF7E25C4-3791-4F91-A762-6254094CF6B3}.Debug|Any CPU.Build.0 = Debug|Any CPU
		{BF7E25C4-3791-4F91-A762-6254094CF6B3}.Release|Any CPU.ActiveCfg = Release|Any CPU
		{BF7E25C4-3791-4F91-A762-6254094CF6B3}.Release|Any CPU.Build.0 = Release|Any CPU
		{E41674F4-72F8-4A9D-ACDB-F8AE3CB2019F}.Debug|Any CPU.ActiveCfg = Debug|Any CPU
		{E41674F4-72F8-4A9D-ACDB-F8AE3CB2019F}.Debug|Any CPU.Build.0 = Debug|Any CPU
		{E41674F4-72F8-4A9D-ACDB-F8AE3CB2019F}.Release|Any CPU.ActiveCfg = Release|Any CPU
		{E41674F4-72F8-4A9D-ACDB-F8AE3CB2019F}.Release|Any CPU.Build.0 = Release|Any CPU
		{FC2E30B1-8482-4CAB-98E3-9E5B9F511C15}.Debug|Any CPU.ActiveCfg = Debug|Any CPU
		{FC2E30B1-8482-4CAB-98E3-9E5B9F511C15}.Debug|Any CPU.Build.0 = Debug|Any CPU
		{FC2E30B1-8482-4CAB-98E3-9E5B9F511C15}.Release|Any CPU.ActiveCfg = Release|Any CPU
		{FC2E30B1-8482-4CAB-98E3-9E5B9F511C15}.Release|Any CPU.Build.0 = Release|Any CPU
		{2FF77952-C3BB-4D28-812B-C4CDC958C587}.Debug|Any CPU.ActiveCfg = Debug|Any CPU
		{2FF77952-C3BB-4D28-812B-C4CDC958C587}.Debug|Any CPU.Build.0 = Debug|Any CPU
		{2FF77952-C3BB-4D28-812B-C4CDC958C587}.Release|Any CPU.ActiveCfg = Release|Any CPU
		{2FF77952-C3BB-4D28-812B-C4CDC958C587}.Release|Any CPU.Build.0 = Release|Any CPU
		{5702FA3F-BE5D-4BB8-8C52-212F3EB50CC9}.Debug|Any CPU.ActiveCfg = Debug|Any CPU
		{5702FA3F-BE5D-4BB8-8C52-212F3EB50CC9}.Debug|Any CPU.Build.0 = Debug|Any CPU
		{5702FA3F-BE5D-4BB8-8C52-212F3EB50CC9}.Release|Any CPU.ActiveCfg = Release|Any CPU
		{5702FA3F-BE5D-4BB8-8C52-212F3EB50CC9}.Release|Any CPU.Build.0 = Release|Any CPU
		{1BE5A0BF-363B-4052-9D45-1B84B02C8EE0}.Debug|Any CPU.ActiveCfg = Debug|Any CPU
		{1BE5A0BF-363B-4052-9D45-1B84B02C8EE0}.Debug|Any CPU.Build.0 = Debug|Any CPU
		{1BE5A0BF-363B-4052-9D45-1B84B02C8EE0}.Release|Any CPU.ActiveCfg = Release|Any CPU
		{1BE5A0BF-363B-4052-9D45-1B84B02C8EE0}.Release|Any CPU.Build.0 = Release|Any CPU
		{5215AB16-5F09-4498-B431-207D0BA31A19}.Debug|Any CPU.ActiveCfg = Debug|Any CPU
		{5215AB16-5F09-4498-B431-207D0BA31A19}.Debug|Any CPU.Build.0 = Debug|Any CPU
		{5215AB16-5F09-4498-B431-207D0BA31A19}.Release|Any CPU.ActiveCfg = Release|Any CPU
		{5215AB16-5F09-4498-B431-207D0BA31A19}.Release|Any CPU.Build.0 = Release|Any CPU
	EndGlobalSection
	GlobalSection(SolutionProperties) = preSolution
		HideSolutionNode = FALSE
	EndGlobalSection
	GlobalSection(NestedProjects) = preSolution
		{4D271905-7D05-4EC4-BEB0-12A2EEB7CD14} = {A9266940-EAA5-4B25-B41C-95E8D657799F}
		{C3C11036-844F-4C19-9BD3-918215A39BAE} = {A9266940-EAA5-4B25-B41C-95E8D657799F}
		{C0942316-1910-4594-8068-D5243EF2BAEB} = {A9266940-EAA5-4B25-B41C-95E8D657799F}
		{8751DE3C-01DD-40A3-913C-7A5A0CC05E56} = {8D550CB4-E746-4386-A491-CBDFD42082C8}
		{65898149-6829-4CE8-8CE1-F6D6644284DA} = {8D550CB4-E746-4386-A491-CBDFD42082C8}
		{52D46E45-D1B6-4D4F-B848-99ED9C5200E3} = {8D550CB4-E746-4386-A491-CBDFD42082C8}
		{73E6FF77-9EE1-4D02-9084-DB9B271E6B91} = {CA0C6685-A74C-4FB0-8E42-7E23F5771C83}
		{94DDE0F8-5C35-49B1-9C86-CCB88044E7F2} = {CA0C6685-A74C-4FB0-8E42-7E23F5771C83}
		{BF7E25C4-3791-4F91-A762-6254094CF6B3} = {CA0C6685-A74C-4FB0-8E42-7E23F5771C83}
		{E41674F4-72F8-4A9D-ACDB-F8AE3CB2019F} = {ACE429EE-6C07-4B18-9036-2E60438EDB4F}
		{FC2E30B1-8482-4CAB-98E3-9E5B9F511C15} = {ACE429EE-6C07-4B18-9036-2E60438EDB4F}
		{2FF77952-C3BB-4D28-812B-C4CDC958C587} = {ACE429EE-6C07-4B18-9036-2E60438EDB4F}
		{5702FA3F-BE5D-4BB8-8C52-212F3EB50CC9} = {28DA2BC7-C2A5-4B97-86DD-E0A4E15CC80B}
		{1BE5A0BF-363B-4052-9D45-1B84B02C8EE0} = {28DA2BC7-C2A5-4B97-86DD-E0A4E15CC80B}
		{5215AB16-5F09-4498-B431-207D0BA31A19} = {28DA2BC7-C2A5-4B97-86DD-E0A4E15CC80B}
	EndGlobalSection
	GlobalSection(ExtensibilityGlobals) = postSolution
		SolutionGuid = {D774D8BF-74B0-4F89-BEA8-CBDA570B62C6}
	EndGlobalSection
EndGlobal
