
Microsoft Visual Studio Solution File, Format Version 12.00
# Visual Studio Version 16
VisualStudioVersion = 16.0.33927.289
MinimumVisualStudioVersion = 10.0.40219.1
Project("{2150E333-8FDC-42A3-9474-1A3956D46DE8}") = "Task0", "Task0", "{A9266940-EAA5-4B25-B41C-95E8D657799F}"
EndProject
Project("{FAE04EC0-301F-11D3-BF4B-00C04F79EFBC}") = "Tyuiu.BrukhovAA.Sprint3.Task0.V22", "Tyuiu.BrukhovAA.Sprint3.Task0.V22\Tyuiu.BrukhovAA.Sprint3.Task0.V22.csproj", "{4D271905-7D05-4EC4-BEB0-12A2EEB7CD14}"
EndProject
Project("{FAE04EC0-301F-11D3-BF4B-00C04F79EFBC}") = "Tyuiu.BrukhovAA.Sprint3.Task0.V22.Lib", "Tyuiu.BrukhovAA.Sprint3.Task0.V22.Lib\Tyuiu.BrukhovAA.Sprint3.Task0.V22.Lib.csproj", "{C3C11036-844F-4C19-9BD3-918215A39BAE}"
EndProject
Project("{FAE04EC0-301F-11D3-BF4B-00C04F79EFBC}") = "Tyuiu.BrukhovAA.Sprint3.Task0.V22.Test", "Tyuiu.BrukhovAA.Sprint3.Task0.V22.Test\Tyuiu.BrukhovAA.Sprint3.Task0.V22.Test.csproj", "{C0942316-1910-4594-8068-D5243EF2BAEB}"
EndProject
Global
	GlobalSection(SolutionConfigurationPlatforms) = preSolution
		Debug|Any CPU = Debug|Any CPU
		Release|Any CPU = Release|Any CPU
	EndGlobalSection
	GlobalSection(ProjectConfigurationPlatforms) = postSolution
		{4D271905-7D05-4EC4-BEB0-12A2EEB7CD14}.Debug|Any CPU.ActiveCfg = Debug|Any CPU
		{4D271905-7D05-4EC4-BEB0-12A2EEB7CD14}.Debug|Any CPU.Build.0 = Debug|Any CPU
		{4D271905-7D05-4EC4-BEB0-12A2EEB7CD14}.Release|Any CPU.ActiveCfg = Release|Any CPU
		{4D271905-7D05-4EC4-BEB0-12A2EEB7CD14}.Release|Any CPU.Build.0 = Release|Any CPU
		{C3C11036-844F-4C19-9BD3-918215A39BAE}.Debug|Any CPU.ActiveCfg = Debug|Any CPU
		{C3C11036-844F-4C19-9BD3-918215A39BAE}.Debug|Any CPU.Build.0 = Debug|Any CPU
		{C3C11036-844F-4C19-9BD3-918215A39BAE}.Release|Any CPU.ActiveCfg = Release|Any CPU
		{C3C11036-844F-4C19-9BD3-918215A39BAE}.Release|Any CPU.Build.0 = Release|Any CPU
		{C0942316-1910-4594-8068-D5243EF2BAEB}.Debug|Any CPU.ActiveCfg = Debug|Any CPU
		{C0942316-1910-4594-8068-D5243EF2BAEB}.Debug|Any CPU.Build.0 = Debug|Any CPU
		{C0942316-1910-4594-8068-D5243EF2BAEB}.Release|Any CPU.ActiveCfg = Release|Any CPU
		{C0942316-1910-4594-8068-D5243EF2BAEB}.Release|Any CPU.Build.0 = Release|Any CPU
	EndGlobalSection
	GlobalSection(SolutionProperties) = preSolution
		HideSolutionNode = FALSE
	EndGlobalSection
	GlobalSection(NestedProjects) = preSolution
		{4D271905-7D05-4EC4-BEB0-12A2EEB7CD14} = {A9266940-EAA5-4B25-B41C-95E8D657799F}
		{C3C11036-844F-4C19-9BD3-918215A39BAE} = {A9266940-EAA5-4B25-B41C-95E8D657799F}
		{C0942316-1910-4594-8068-D5243EF2BAEB} = {A9266940-EAA5-4B25-B41C-95E8D657799F}
	EndGlobalSection
	GlobalSection(ExtensibilityGlobals) = postSolution
		SolutionGuid = {D774D8BF-74B0-4F89-BEA8-CBDA570B62C6}
	EndGlobalSection
EndGlobal
